Microsoft Visual Studio Solution File, Format Version 12.00
# Visual Studio Version 17
VisualStudioVersion = 17.10.35013.160
MinimumVisualStudioVersion = 10.0.40219.1
Project("{9A19103F-16F7-4668-BE54-9A1E7A4F7556}") = "PrinterShareFixer.Core", "src\PrinterShareFixer.Core\PrinterShareFixer.Core.csproj", "{3F1D2C4A-7B62-4E51-9C3A-1A2B3C4D5E01}"
EndProject
Project("{9A19103F-16F7-4668-BE54-9A1E7A4F7556}") = "PrinterShareFixer.App", "src\PrinterShareFixer.App\PrinterShareFixer.App.csproj", "{3F1D2C4A-7B62-4E51-9C3A-1A2B3C4D5E02}"
EndProject
Project("{9A19103F-16F7-4668-BE54-9A1E7A4F7556}") = "PrinterShareFixer.Cli", "src\PrinterShareFixer.Cli\PrinterShareFixer.Cli.csproj", "{3F1D2C4A-7B62-4E51-9C3A-1A2B3C4D5E03}"
EndProject
Global
	GlobalSection(SolutionConfigurationPlatforms) = preSolution
		Debug|x64 = Debug|x64
		Release|x64 = Release|x64
	EndGlobalSection
	GlobalSection(ProjectConfigurationPlatforms) = postSolution
		{3F1D2C4A-7B62-4E51-9C3A-1A2B3C4D5E01}.Debug|x64.ActiveCfg = Debug|Any CPU
		{3F1D2C4A-7B62-4E51-9C3A-1A2B3C4D5E01}.Debug|x64.Build.0 = Debug|Any CPU
		{3F1D2C4A-7B62-4E51-9C3A-1A2B3C4D5E01}.Release|x64.ActiveCfg = Release|Any CPU
		{3F1D2C4A-7B62-4E51-9C3A-1A2B3C4D5E01}.Release|x64.Build.0 = Release|Any CPU
		{3F1D2C4A-7B62-4E51-9C3A-1A2B3C4D5E02}.Debug|x64.ActiveCfg = Debug|x64
		{3F1D2C4A-7B62-4E51-9C3A-1A2B3C4D5E02}.Debug|x64.Build.0 = Debug|x64
		{3F1D2C4A-7B62-4E51-9C3A-1A2B3C4D5E02}.Release|x64.ActiveCfg = Release|x64
		{3F1D2C4A-7B62-4E51-9C3A-1A2B3C4D5E02}.Release|x64.Build.0 = Release|x64
		{3F1D2C4A-7B62-4E51-9C3A-1A2B3C4D5E03}.Debug|x64.ActiveCfg = Debug|Any CPU
		{3F1D2C4A-7B62-4E51-9C3A-1A2B3C4D5E03}.Debug|x64.Build.0 = Debug|Any CPU
		{3F1D2C4A-7B62-4E51-9C3A-1A2B3C4D5E03}.Release|x64.ActiveCfg = Release|Any CPU
		{3F1D2C4A-7B62-4E51-9C3A-1A2B3C4D5E03}.Release|x64.Build.0 = Release|Any CPU
	EndGlobalSection
	GlobalSection(SolutionProperties) = preSolution
		HideSolutionNode = FALSE
	EndGlobalSection
EndGlobal
